{
  "name": "graphql-validity",
  "version": "0.6.10",
  "lockfileVersion": 1,
  "requires": true,
  "dependencies": {
    "@types/graphql": {
      "version": "0.10.2",
      "resolved": "https://registry.npmjs.org/@types/graphql/-/graphql-0.10.2.tgz",
      "integrity": "sha512-Ayw0w+kr8vYd8DToiMXjcHxXv1ljWbqX2mnLwXDxkBgog3vywGriC0JZ+npsuohKs3+E88M8OOtobo4g0X3SIA=="
    },
    "@types/node": {
      "version": "8.0.31",
      "resolved": "https://registry.npmjs.org/@types/node/-/node-8.0.31.tgz",
      "integrity": "sha512-R+LdMJHJQwRd/Ca0Nr5KnwbSWHxTD3DWz4ivqoPeNH+YPcuirMWK+Ti9Mx32jOecmPhHOCd+6CefU5e1eVq2Ew=="
    },
    "graphql": {
      "version": "0.10.5",
      "resolved": "https://registry.npmjs.org/graphql/-/graphql-0.10.5.tgz",
      "integrity": "sha512-Q7cx22DiLhwHsEfUnUip1Ww/Vfx7FS0w6+iHItNuN61+XpegHSa3k5U0+6M5BcpavQImBwFiy0z3uYwY7cXMLQ==",
      "requires": {
        "iterall": "1.1.1"
      }
    },
    "iterall": {
      "version": "1.1.1",
      "resolved": "https://registry.npmjs.org/iterall/-/iterall-1.1.1.tgz",
      "integrity": "sha1-9/CvEemgTsZCYmD1AZ2fzKTVAhQ="
    },
    "typescript": {
      "version": "2.5.3",
      "resolved": "https://registry.npmjs.org/typescript/-/typescript-2.5.3.tgz",
      "integrity": "sha512-ptLSQs2S4QuS6/OD1eAKG+S5G8QQtrU5RT32JULdZQtM1L3WTi34Wsu48Yndzi8xsObRAB9RPt/KhA9wlpEF6w=="
    }
  }
}
