{
  "name": "graphql-validity",
  "version": "0.6.10",
  "lockfileVersion": 1,
  "requires": true,
  "dependencies": {
    "@types/node": {
      "version": "8.0.32",
      "resolved": "https://registry.npmjs.org/@types/node/-/node-8.0.32.tgz",
      "integrity": "sha512-n1zzgeQehndikZc/8N4rGSZc99cO6Tb3OInKzvWYniJsT/jet3m57buaBFa5cMeVNFosN4PKZ2LM1y16CFD7Rg=="
    },
    "typescript": {
      "version": "2.5.3",
      "resolved": "https://registry.npmjs.org/typescript/-/typescript-2.5.3.tgz",
      "integrity": "sha512-ptLSQs2S4QuS6/OD1eAKG+S5G8QQtrU5RT32JULdZQtM1L3WTi34Wsu48Yndzi8xsObRAB9RPt/KhA9wlpEF6w=="
    }
  }
}
